
Microsoft Visual Studio Solution File, Format Version 12.00
# Visual Studio Version 17
VisualStudioVersion = 17.7.34024.191
MinimumVisualStudioVersion = 10.0.40219.1
Project("{FAE04EC0-301F-11D3-BF4B-00C04F79EFBC}") = "Clase12_derivada", "Clase12_derivada.csproj", "{62AB7E54-F9F0-42A8-ACDB-15AF5AB9E78A}"
EndProject
Global
	GlobalSection(SolutionConfigurationPlatforms) = preSolution
		Debug|Any CPU = Debug|Any CPU
		Release|Any CPU = Release|Any CPU
	EndGlobalSection
	GlobalSection(ProjectConfigurationPlatforms) = postSolution
		{62AB7E54-F9F0-42A8-ACDB-15AF5AB9E78A}.Debug|Any CPU.ActiveCfg = Debug|Any CPU
		{62AB7E54-F9F0-42A8-ACDB-15AF5AB9E78A}.Debug|Any CPU.Build.0 = Debug|Any CPU
		{62AB7E54-F9F0-42A8-ACDB-15AF5AB9E78A}.Release|Any CPU.ActiveCfg = Release|Any CPU
		{62AB7E54-F9F0-42A8-ACDB-15AF5AB9E78A}.Release|Any CPU.Build.0 = Release|Any CPU
	EndGlobalSection
	GlobalSection(SolutionProperties) = preSolution
		HideSolutionNode = FALSE
	EndGlobalSection
	GlobalSection(ExtensibilityGlobals) = postSolution
		SolutionGuid = {70D02230-875B-4CFC-878A-264F1B0E6B82}
	EndGlobalSection
EndGlobal
