
Microsoft Visual Studio Solution File, Format Version 12.00
# Visual Studio Version 17
VisualStudioVersion = 17.7.34024.191
MinimumVisualStudioVersion = 10.0.40219.1
Project("{FAE04EC0-301F-11D3-BF4B-00C04F79EFBC}") = "Clase10_subred", "Clase10_subred.csproj", "{5489A72C-C9D6-4685-AB55-812C64177BFC}"
EndProject
Global
	GlobalSection(SolutionConfigurationPlatforms) = preSolution
		Debug|Any CPU = Debug|Any CPU
		Release|Any CPU = Release|Any CPU
	EndGlobalSection
	GlobalSection(ProjectConfigurationPlatforms) = postSolution
		{5489A72C-C9D6-4685-AB55-812C64177BFC}.Debug|Any CPU.ActiveCfg = Debug|Any CPU
		{5489A72C-C9D6-4685-AB55-812C64177BFC}.Debug|Any CPU.Build.0 = Debug|Any CPU
		{5489A72C-C9D6-4685-AB55-812C64177BFC}.Release|Any CPU.ActiveCfg = Release|Any CPU
		{5489A72C-C9D6-4685-AB55-812C64177BFC}.Release|Any CPU.Build.0 = Release|Any CPU
	EndGlobalSection
	GlobalSection(SolutionProperties) = preSolution
		HideSolutionNode = FALSE
	EndGlobalSection
	GlobalSection(ExtensibilityGlobals) = postSolution
		SolutionGuid = {2E0B119E-4D28-4610-8309-349009661525}
	EndGlobalSection
EndGlobal
