
Microsoft Visual Studio Solution File, Format Version 12.00
# Visual Studio Version 17
VisualStudioVersion = 17.7.34024.191
MinimumVisualStudioVersion = 10.0.40219.1
Project("{FAE04EC0-301F-11D3-BF4B-00C04F79EFBC}") = "Clase14_PotenciaAparente", "Clase14_PotenciaAparente.csproj", "{AB86A0B4-FA2F-40B7-9E2A-17E68F2DA7A0}"
EndProject
Global
	GlobalSection(SolutionConfigurationPlatforms) = preSolution
		Debug|Any CPU = Debug|Any CPU
		Release|Any CPU = Release|Any CPU
	EndGlobalSection
	GlobalSection(ProjectConfigurationPlatforms) = postSolution
		{AB86A0B4-FA2F-40B7-9E2A-17E68F2DA7A0}.Debug|Any CPU.ActiveCfg = Debug|Any CPU
		{AB86A0B4-FA2F-40B7-9E2A-17E68F2DA7A0}.Debug|Any CPU.Build.0 = Debug|Any CPU
		{AB86A0B4-FA2F-40B7-9E2A-17E68F2DA7A0}.Release|Any CPU.ActiveCfg = Release|Any CPU
		{AB86A0B4-FA2F-40B7-9E2A-17E68F2DA7A0}.Release|Any CPU.Build.0 = Release|Any CPU
	EndGlobalSection
	GlobalSection(SolutionProperties) = preSolution
		HideSolutionNode = FALSE
	EndGlobalSection
	GlobalSection(ExtensibilityGlobals) = postSolution
		SolutionGuid = {CAE55E15-1474-4568-9CEE-4BB810EC746D}
	EndGlobalSection
EndGlobal
