
Microsoft Visual Studio Solution File, Format Version 12.00
# Visual Studio Version 17
VisualStudioVersion = 17.7.34024.191
MinimumVisualStudioVersion = 10.0.40219.1
Project("{FAE04EC0-301F-11D3-BF4B-00C04F79EFBC}") = "Practica 2", "Practica 2\Practica 2.csproj", "{20630E3B-D3FF-44E4-85FF-DB0D6E626CDE}"
EndProject
Global
	GlobalSection(SolutionConfigurationPlatforms) = preSolution
		Debug|Any CPU = Debug|Any CPU
		Release|Any CPU = Release|Any CPU
	EndGlobalSection
	GlobalSection(ProjectConfigurationPlatforms) = postSolution
		{20630E3B-D3FF-44E4-85FF-DB0D6E626CDE}.Debug|Any CPU.ActiveCfg = Debug|Any CPU
		{20630E3B-D3FF-44E4-85FF-DB0D6E626CDE}.Debug|Any CPU.Build.0 = Debug|Any CPU
		{20630E3B-D3FF-44E4-85FF-DB0D6E626CDE}.Release|Any CPU.ActiveCfg = Release|Any CPU
		{20630E3B-D3FF-44E4-85FF-DB0D6E626CDE}.Release|Any CPU.Build.0 = Release|Any CPU
	EndGlobalSection
	GlobalSection(SolutionProperties) = preSolution
		HideSolutionNode = FALSE
	EndGlobalSection
	GlobalSection(ExtensibilityGlobals) = postSolution
		SolutionGuid = {45680FB6-2F0B-4A5B-BAAD-A3EEDE7E9EE5}
	EndGlobalSection
EndGlobal
